
Microsoft Visual Studio Solution File, Format Version 12.00
# Visual Studio 15
VisualStudioVersion = 15.0.27428.2015
MinimumVisualStudioVersion = 10.0.40219.1
Project("{8BC9CEB8-8B4A-11D0-8D11-00A0C91BC942}") = "MaelstromEngine", "MaelstromEngine\MaelstromEngine.vcxproj", "{BB14DF2E-E205-4387-8045-0AC51FA41937}"
EndProject
Project("{2150E333-8FDC-42A3-9474-1A3956D46DE8}") = "Solution Items", "Solution Items", "{8478C04F-FFC1-4583-B5A4-FE001B43C88E}"
	ProjectSection(SolutionItems) = preProject
		MaelstromEngine\src\GameEngine\Input.cpp = MaelstromEngine\src\GameEngine\Input.cpp
		MaelstromEngine\includes\GameEngine\Input.h = MaelstromEngine\includes\GameEngine\Input.h
	EndProjectSection
EndProject
Global
	GlobalSection(SolutionConfigurationPlatforms) = preSolution
		Debug|x64 = Debug|x64
		Debug|x86 = Debug|x86
		Release|x64 = Release|x64
		Release|x86 = Release|x86
	EndGlobalSection
	GlobalSection(ProjectConfigurationPlatforms) = postSolution
		{BB14DF2E-E205-4387-8045-0AC51FA41937}.Debug|x64.ActiveCfg = Debug|x64
		{BB14DF2E-E205-4387-8045-0AC51FA41937}.Debug|x64.Build.0 = Debug|x64
		{BB14DF2E-E205-4387-8045-0AC51FA41937}.Debug|x86.ActiveCfg = Debug|Win32
		{BB14DF2E-E205-4387-8045-0AC51FA41937}.Debug|x86.Build.0 = Debug|Win32
		{BB14DF2E-E205-4387-8045-0AC51FA41937}.Release|x64.ActiveCfg = Release|x64
		{BB14DF2E-E205-4387-8045-0AC51FA41937}.Release|x64.Build.0 = Release|x64
		{BB14DF2E-E205-4387-8045-0AC51FA41937}.Release|x86.ActiveCfg = Release|Win32
		{BB14DF2E-E205-4387-8045-0AC51FA41937}.Release|x86.Build.0 = Release|Win32
	EndGlobalSection
	GlobalSection(SolutionProperties) = preSolution
		HideSolutionNode = FALSE
	EndGlobalSection
	GlobalSection(ExtensibilityGlobals) = postSolution
		SolutionGuid = {436247F0-BFDF-4B08-B3D1-2EAAC748A76D}
	EndGlobalSection
EndGlobal
